<Solution>
  <Folder Name="/SampleProjects/">
    <Project Path="SampleProjects/Sin3D_Planetarium.Content/Sin3D_Planetarium.Content.csproj" />
    <Project Path="SampleProjects/Sin3D_Planetarium/Sin3D_Planetarium.csproj" />
  </Folder>
  <Project Path="Sin3D.Tests/Sin3D.Tests.csproj" Id="f4b15f40-3913-4588-ae75-00e93ac93e22" />
  <Project Path="Sin3D/Sin3D.csproj"  />
</Solution>
